# This file was generated by Aiken
# You typically do not need to edit this file

[[requirements]]
name = "aiken-lang/stdlib"
version = "v2.1.0"
source = "github"

[[requirements]]
name = "KtorZ/aicone"
version = "a9ae9ef8b6bdb183ea020ea97f6b648f9343924e"
source = "github"

[[requirements]]
name = "aiken-lang/fuzz"
version = "v2"
source = "github"

[[packages]]
name = "aiken-lang/stdlib"
version = "v2.1.0"
requirements = []
source = "github"

[[packages]]
name = "KtorZ/aicone"
version = "a9ae9ef8b6bdb183ea020ea97f6b648f9343924e"
requirements = []
source = "github"

[[packages]]
name = "aiken-lang/fuzz"
version = "v2"
requirements = []
source = "github"

[etags]
"aiken-lang/fuzz@v2" = [{ secs_since_epoch = 1726502893, nanos_since_epoch = 747424000 }, "34ffec10cce786bf823c7505589a3b5e0663792ef8efd31f870d7bcc37e0f593"]
